
Microsoft Visual Studio Solution File, Format Version 12.00
# Visual Studio Version 17
VisualStudioVersion = 17.14.36221.1 d17.14
MinimumVisualStudioVersion = 10.0.40219.1
Project("{FAE04EC0-301F-11D3-BF4B-00C04F79EFBC}") = "Loon_InheritanceUserInput", "Loon_InheritanceUserInput\Loon_InheritanceUserInput.csproj", "{6EE68DCE-DD8C-4224-BE08-9D36EFA3B5DD}"
EndProject
Global
	GlobalSection(SolutionConfigurationPlatforms) = preSolution
		Debug|Any CPU = Debug|Any CPU
		Release|Any CPU = Release|Any CPU
	EndGlobalSection
	GlobalSection(ProjectConfigurationPlatforms) = postSolution
		{6EE68DCE-DD8C-4224-BE08-9D36EFA3B5DD}.Debug|Any CPU.ActiveCfg = Debug|Any CPU
		{6EE68DCE-DD8C-4224-BE08-9D36EFA3B5DD}.Debug|Any CPU.Build.0 = Debug|Any CPU
		{6EE68DCE-DD8C-4224-BE08-9D36EFA3B5DD}.Release|Any CPU.ActiveCfg = Release|Any CPU
		{6EE68DCE-DD8C-4224-BE08-9D36EFA3B5DD}.Release|Any CPU.Build.0 = Release|Any CPU
	EndGlobalSection
	GlobalSection(SolutionProperties) = preSolution
		HideSolutionNode = FALSE
	EndGlobalSection
	GlobalSection(ExtensibilityGlobals) = postSolution
		SolutionGuid = {26F63DC3-1208-4289-9FD6-C0519B41C1D5}
	EndGlobalSection
EndGlobal
