
Microsoft Visual Studio Solution File, Format Version 12.00
# Visual Studio Version 17
VisualStudioVersion = 17.14.36414.22 d17.14
MinimumVisualStudioVersion = 10.0.40219.1
Project("{FAE04EC0-301F-11D3-BF4B-00C04F79EFBC}") = "PolymorphismPractice3", "PolymorphismPractice3\PolymorphismPractice3.csproj", "{B914555E-3A80-4464-9490-EF0E130C52F9}"
EndProject
Global
	GlobalSection(SolutionConfigurationPlatforms) = preSolution
		Debug|Any CPU = Debug|Any CPU
		Release|Any CPU = Release|Any CPU
	EndGlobalSection
	GlobalSection(ProjectConfigurationPlatforms) = postSolution
		{B914555E-3A80-4464-9490-EF0E130C52F9}.Debug|Any CPU.ActiveCfg = Debug|Any CPU
		{B914555E-3A80-4464-9490-EF0E130C52F9}.Debug|Any CPU.Build.0 = Debug|Any CPU
		{B914555E-3A80-4464-9490-EF0E130C52F9}.Release|Any CPU.ActiveCfg = Release|Any CPU
		{B914555E-3A80-4464-9490-EF0E130C52F9}.Release|Any CPU.Build.0 = Release|Any CPU
	EndGlobalSection
	GlobalSection(SolutionProperties) = preSolution
		HideSolutionNode = FALSE
	EndGlobalSection
	GlobalSection(ExtensibilityGlobals) = postSolution
		SolutionGuid = {2D1EC034-669E-47BF-A0D6-561011978130}
	EndGlobalSection
EndGlobal
